{
  "projects": [
    {
      "projectId": "caTPwKxj5ZrD9LQ7DMdK4Z",
      "version": "3.40.0",
      "dependencies": {},
      "lang": "ts",
      "fileLocks": [
        {
          "assetId": "caTPwKxj5ZrD9LQ7DMdK4Z",
          "type": "projectCss",
          "checksum": "1c02168c6b23256606111fdfdbb63549"
        }
      ],
      "codegenVersion": "0.0.1"
    },
    {
      "projectId": "YUiM7yqBWAqsh8KSnrdj7",
      "version": "0.33.0",
      "dependencies": {},
      "lang": "ts",
      "fileLocks": [
        {
          "assetId": "YUiM7yqBWAqsh8KSnrdj7",
          "type": "projectCss",
          "checksum": "21b499a9da4edbc2266c72c2ba127787"
        }
      ],
      "codegenVersion": "0.0.1"
    },
    {
      "projectId": "4vjRXvnb4XuY6J15w9oRcQ",
      "version": "2.0.0",
      "dependencies": {},
      "lang": "ts",
      "fileLocks": [
        {
          "type": "globalVariant",
          "assetId": "sunYRowGFPxL",
          "checksum": "6aa36700acb14b37a737f645fea309df"
        },
        {
          "assetId": "4vjRXvnb4XuY6J15w9oRcQ",
          "type": "projectCss",
          "checksum": "0f0ef06473797c93a6193312f1a06072"
        }
      ],
      "codegenVersion": "0.0.1"
    },
    {
      "projectId": "gmeH6XgPaBtkt51HunAo4g",
      "version": "18.12.0",
      "dependencies": {},
      "lang": "ts",
      "fileLocks": [
        {
          "assetId": "gmeH6XgPaBtkt51HunAo4g",
          "type": "projectCss",
          "checksum": "1c02168c6b23256606111fdfdbb63549"
        }
      ],
      "codegenVersion": "0.0.1"
    },
    {
      "projectId": "ohDidvG9XsCeFumugENU3J",
      "version": "6.28.0",
      "dependencies": {},
      "lang": "ts",
      "fileLocks": [
        {
          "assetId": "ohDidvG9XsCeFumugENU3J",
          "type": "projectCss",
          "checksum": "ba2a60a163fca4f4d510275088a2be53"
        },
        {
          "assetId": "ohDidvG9XsCeFumugENU3J",
          "checksum": "de0a0e65174a6a185a8f822af51c6bdd",
          "type": "globalContexts"
        }
      ],
      "codegenVersion": "0.0.1"
    },
    {
      "projectId": "f7DE9y7qp46fyCw5nuY8f9",
      "version": "latest",
      "dependencies": {
        "ohDidvG9XsCeFumugENU3J": "6.28.0",
        "gmeH6XgPaBtkt51HunAo4g": "18.12.0",
        "4vjRXvnb4XuY6J15w9oRcQ": "2.0.0",
        "YUiM7yqBWAqsh8KSnrdj7": "0.33.0",
        "caTPwKxj5ZrD9LQ7DMdK4Z": "3.40.0"
      },
      "lang": "ts",
      "fileLocks": [
        {
          "type": "globalVariant",
          "assetId": "HM8Nko4B5BDd",
          "checksum": "8c26c3fca52f572ea7e406d3eb8fa213"
        },
        {
          "assetId": "f7DE9y7qp46fyCw5nuY8f9",
          "type": "projectCss",
          "checksum": "d54b17acc081e1937f4ac86ef4aa2dd8"
        },
        {
          "assetId": "f7DE9y7qp46fyCw5nuY8f9",
          "checksum": "d117206477352068ec7e1382097908b6",
          "type": "globalContexts"
        },
        {
          "type": "renderModule",
          "assetId": "GALpJ_8ZdkdW",
          "checksum": "6fe65eea0ce1dde1df7b4c7a9e5ac86e"
        },
        {
          "type": "cssRules",
          "assetId": "GALpJ_8ZdkdW",
          "checksum": "6fe65eea0ce1dde1df7b4c7a9e5ac86e"
        },
        {
          "type": "renderModule",
          "assetId": "ZGZ6sFcj1aLn",
          "checksum": "762e5311859d08e7ed97ebb9a35b0abe"
        },
        {
          "type": "cssRules",
          "assetId": "ZGZ6sFcj1aLn",
          "checksum": "762e5311859d08e7ed97ebb9a35b0abe"
        },
        {
          "type": "renderModule",
          "assetId": "nZQjprv2Kf2z",
          "checksum": "d04e3cb286b246969633bf29c6853259"
        },
        {
          "type": "cssRules",
          "assetId": "nZQjprv2Kf2z",
          "checksum": "d04e3cb286b246969633bf29c6853259"
        },
        {
          "type": "renderModule",
          "assetId": "CbX4hnpw0QDI",
          "checksum": "d91be2d0c45fbc1334a4621e3ab66e5d"
        },
        {
          "type": "cssRules",
          "assetId": "CbX4hnpw0QDI",
          "checksum": "d91be2d0c45fbc1334a4621e3ab66e5d"
        },
        {
          "type": "renderModule",
          "assetId": "rg-5tf6kptyQ",
          "checksum": "467ae0d49f618b065d928ee1cf37bb95"
        },
        {
          "type": "cssRules",
          "assetId": "rg-5tf6kptyQ",
          "checksum": "467ae0d49f618b065d928ee1cf37bb95"
        },
        {
          "type": "renderModule",
          "assetId": "x8mEiwhu6Vco",
          "checksum": "1688211c113d2ff86bda9cdaccfe9ee6"
        },
        {
          "type": "cssRules",
          "assetId": "x8mEiwhu6Vco",
          "checksum": "1688211c113d2ff86bda9cdaccfe9ee6"
        },
        {
          "type": "renderModule",
          "assetId": "9ixtKbGKv7x-",
          "checksum": "025627a11089ccbfc0ced23908420568"
        },
        {
          "type": "cssRules",
          "assetId": "9ixtKbGKv7x-",
          "checksum": "025627a11089ccbfc0ced23908420568"
        },
        {
          "type": "renderModule",
          "assetId": "8NOvOzjn7daE",
          "checksum": "73d0d45da5bf8c39caab9d645d49298d"
        },
        {
          "type": "cssRules",
          "assetId": "8NOvOzjn7daE",
          "checksum": "73d0d45da5bf8c39caab9d645d49298d"
        },
        {
          "type": "renderModule",
          "assetId": "W4kacxF_-Ybc",
          "checksum": "0cc38263d9cb47271006468dc7b4bb73"
        },
        {
          "type": "cssRules",
          "assetId": "W4kacxF_-Ybc",
          "checksum": "0cc38263d9cb47271006468dc7b4bb73"
        },
        {
          "type": "renderModule",
          "assetId": "plmAgyhhAdMc",
          "checksum": "f41aa78ddced06378e2fd2bac070699b"
        },
        {
          "type": "cssRules",
          "assetId": "plmAgyhhAdMc",
          "checksum": "f41aa78ddced06378e2fd2bac070699b"
        },
        {
          "type": "renderModule",
          "assetId": "MUvYPH7rZO6i",
          "checksum": "c39926631ce21dd1a9badd7fb57f7f26"
        },
        {
          "type": "cssRules",
          "assetId": "MUvYPH7rZO6i",
          "checksum": "c39926631ce21dd1a9badd7fb57f7f26"
        },
        {
          "type": "renderModule",
          "assetId": "_rdh0nLceaRv",
          "checksum": "938e53f482bf61e35ffee23c50d8c346"
        },
        {
          "type": "cssRules",
          "assetId": "_rdh0nLceaRv",
          "checksum": "938e53f482bf61e35ffee23c50d8c346"
        },
        {
          "type": "renderModule",
          "assetId": "Os35ykAnzIHw",
          "checksum": "b082ac066bb68a495a5732b9814380ba"
        },
        {
          "type": "cssRules",
          "assetId": "Os35ykAnzIHw",
          "checksum": "b082ac066bb68a495a5732b9814380ba"
        },
        {
          "type": "renderModule",
          "assetId": "_vJ0pkaxrL1M",
          "checksum": "a1211902d1b985c0689c44c36b4be06c"
        },
        {
          "type": "cssRules",
          "assetId": "_vJ0pkaxrL1M",
          "checksum": "a1211902d1b985c0689c44c36b4be06c"
        },
        {
          "type": "renderModule",
          "assetId": "tmVEtrqiq-__",
          "checksum": "1534308e1d36a31d3dc9f3656ad8a4f9"
        },
        {
          "type": "cssRules",
          "assetId": "tmVEtrqiq-__",
          "checksum": "1534308e1d36a31d3dc9f3656ad8a4f9"
        },
        {
          "type": "renderModule",
          "assetId": "MD_37ZQMm9eE",
          "checksum": "5a39b98ad4501bde15d47589df897f46"
        },
        {
          "type": "cssRules",
          "assetId": "MD_37ZQMm9eE",
          "checksum": "5a39b98ad4501bde15d47589df897f46"
        },
        {
          "type": "renderModule",
          "assetId": "Hw_3fYzjBjtr",
          "checksum": "6515605073b93b05737e8a5487127630"
        },
        {
          "type": "cssRules",
          "assetId": "Hw_3fYzjBjtr",
          "checksum": "6515605073b93b05737e8a5487127630"
        },
        {
          "type": "renderModule",
          "assetId": "ZMB-SB-xJDyQ",
          "checksum": "d5ae489ab841221a23418cbb7bddbfb7"
        },
        {
          "type": "cssRules",
          "assetId": "ZMB-SB-xJDyQ",
          "checksum": "d5ae489ab841221a23418cbb7bddbfb7"
        },
        {
          "type": "renderModule",
          "assetId": "5AuMkYqOTdqa",
          "checksum": "6b3f8a67937b67723fd1b4814e985797"
        },
        {
          "type": "cssRules",
          "assetId": "5AuMkYqOTdqa",
          "checksum": "6b3f8a67937b67723fd1b4814e985797"
        },
        {
          "type": "renderModule",
          "assetId": "pZ7Ql6sUFRw9",
          "checksum": "d7462e233cfacbba3eb47484cdb66ae8"
        },
        {
          "type": "cssRules",
          "assetId": "pZ7Ql6sUFRw9",
          "checksum": "d7462e233cfacbba3eb47484cdb66ae8"
        },
        {
          "type": "renderModule",
          "assetId": "nVAUbPc6gpoz",
          "checksum": "86b57f1f8d533f202f459c2b90ac59d0"
        },
        {
          "type": "cssRules",
          "assetId": "nVAUbPc6gpoz",
          "checksum": "86b57f1f8d533f202f459c2b90ac59d0"
        },
        {
          "type": "renderModule",
          "assetId": "iaLjfHgdSnDx",
          "checksum": "907927ca875cd6e33e39160a7308df4e"
        },
        {
          "type": "cssRules",
          "assetId": "iaLjfHgdSnDx",
          "checksum": "907927ca875cd6e33e39160a7308df4e"
        },
        {
          "type": "renderModule",
          "assetId": "ej9AGXLKyZe-",
          "checksum": "211776ca0a8fa177feb55d1b24f2d786"
        },
        {
          "type": "cssRules",
          "assetId": "ej9AGXLKyZe-",
          "checksum": "211776ca0a8fa177feb55d1b24f2d786"
        },
        {
          "type": "renderModule",
          "assetId": "tbd44yze6XC9",
          "checksum": "8be161766076f830043cf90d7338eb5d"
        },
        {
          "type": "cssRules",
          "assetId": "tbd44yze6XC9",
          "checksum": "8be161766076f830043cf90d7338eb5d"
        },
        {
          "type": "renderModule",
          "assetId": "A_oPZntya_MT",
          "checksum": "b6e27d597625d560c224407be4e1891e"
        },
        {
          "type": "cssRules",
          "assetId": "A_oPZntya_MT",
          "checksum": "b6e27d597625d560c224407be4e1891e"
        },
        {
          "type": "renderModule",
          "assetId": "fsC3QwUZz9uz",
          "checksum": "b4e7a8a3a5c0417646d5ab0fc8045698"
        },
        {
          "type": "cssRules",
          "assetId": "fsC3QwUZz9uz",
          "checksum": "b4e7a8a3a5c0417646d5ab0fc8045698"
        },
        {
          "type": "renderModule",
          "assetId": "WOFOuKi5Hmpy",
          "checksum": "46ef60de9a6e3d3cfcd8fdc6692cd216"
        },
        {
          "type": "cssRules",
          "assetId": "WOFOuKi5Hmpy",
          "checksum": "46ef60de9a6e3d3cfcd8fdc6692cd216"
        },
        {
          "type": "renderModule",
          "assetId": "hUsSGqcf_DAy",
          "checksum": "e3976ac7bd77c42532bdbfc4bd2d1042"
        },
        {
          "type": "cssRules",
          "assetId": "hUsSGqcf_DAy",
          "checksum": "e3976ac7bd77c42532bdbfc4bd2d1042"
        },
        {
          "type": "renderModule",
          "assetId": "ohBmQIEVPz-L",
          "checksum": "78c2a6998d65e50a992de731fa5e35f5"
        },
        {
          "type": "cssRules",
          "assetId": "ohBmQIEVPz-L",
          "checksum": "78c2a6998d65e50a992de731fa5e35f5"
        },
        {
          "type": "renderModule",
          "assetId": "rW3ePQ0MTGnf",
          "checksum": "17060c7fc340dd7250fab0d9faaef20c"
        },
        {
          "type": "cssRules",
          "assetId": "rW3ePQ0MTGnf",
          "checksum": "17060c7fc340dd7250fab0d9faaef20c"
        },
        {
          "type": "renderModule",
          "assetId": "RK6s0L6sGsmv",
          "checksum": "596b723237c12ebf123c9d7501401f0e"
        },
        {
          "type": "cssRules",
          "assetId": "RK6s0L6sGsmv",
          "checksum": "596b723237c12ebf123c9d7501401f0e"
        },
        {
          "type": "renderModule",
          "assetId": "pJkZO_iKR1iq",
          "checksum": "8ed40329549a73928d722a921294f8f7"
        },
        {
          "type": "cssRules",
          "assetId": "pJkZO_iKR1iq",
          "checksum": "8ed40329549a73928d722a921294f8f7"
        },
        {
          "type": "icon",
          "assetId": "KlZQiGxQTluF",
          "checksum": "4f61d06d0cedc48f1690b68eaf9e61c5"
        },
        {
          "type": "icon",
          "assetId": "59m3anp9jGDs",
          "checksum": "cdf35f0e1a2b67321ea334dfe7a10250"
        },
        {
          "type": "icon",
          "assetId": "yud1FH0Ox1FR",
          "checksum": "e90c407ec8f1b73818127b718aaec390"
        },
        {
          "type": "icon",
          "assetId": "wV32h4GpW1qw",
          "checksum": "03451f8743ed0eceea3fb9142a593af8"
        },
        {
          "type": "icon",
          "assetId": "VvHpOw2n2MiA",
          "checksum": "8853ae710eb7ee8ea4bf3930749a299f"
        },
        {
          "type": "icon",
          "assetId": "NZhLWjRU3DN2",
          "checksum": "a50eb294bc06db3894e22bafd750b06c"
        },
        {
          "type": "icon",
          "assetId": "PEpkd9PswE7k",
          "checksum": "67e58655fc27078836d96e390c29bb0d"
        },
        {
          "type": "icon",
          "assetId": "CAcfAl_W7CL5",
          "checksum": "d309e3d4a5446e66b23efe998fdc9bdb"
        },
        {
          "type": "icon",
          "assetId": "E-c3RGwvaig6",
          "checksum": "1ad479982617ee38a1ec63bc59b84759"
        },
        {
          "type": "icon",
          "assetId": "ZcpjJL-rRIkk",
          "checksum": "9d59f5a67df5b1b7355d00cd098eaaac"
        },
        {
          "type": "icon",
          "assetId": "FeEx4DkPe8hp",
          "checksum": "db17f48f2a7e8f8b2d6e41ddd7364cd8"
        },
        {
          "type": "icon",
          "assetId": "vCpr2sLhwGJi",
          "checksum": "8150677f75b220fbdf78d74844d181aa"
        },
        {
          "type": "icon",
          "assetId": "bLcbhEnKY1XN",
          "checksum": "fa936aabeeb7ebc1d7deedb1734e527c"
        },
        {
          "type": "icon",
          "assetId": "_nES3m4j5H0g",
          "checksum": "7e543e83bc4424dad232fbe419c5e563"
        },
        {
          "type": "icon",
          "assetId": "9cl-NgfR2fAr",
          "checksum": "6b92d225d10ac79700847b031150d3ab"
        },
        {
          "type": "icon",
          "assetId": "yIYn4o5HgDaM",
          "checksum": "8782d5e831a9857556d5aeecc9085dc3"
        },
        {
          "type": "icon",
          "assetId": "unf2e-lexzfx",
          "checksum": "8b4f655338dffe359a5a1dd9b773d851"
        },
        {
          "type": "icon",
          "assetId": "LqBLaSJNIw1R",
          "checksum": "7a575bfad8e4af35632e701c864fb13a"
        },
        {
          "type": "icon",
          "assetId": "ZcuvSYn7hPwX",
          "checksum": "17c6ad07061ce1da5a522e1cd516eefd"
        },
        {
          "type": "icon",
          "assetId": "GhtgoozaYTSb",
          "checksum": "85a6e86cc5b2b02dcb3a42a1872109a4"
        },
        {
          "type": "icon",
          "assetId": "qK09a5jkZTuj",
          "checksum": "1afb0a5b60324154209c080d23ffee27"
        },
        {
          "type": "icon",
          "assetId": "jLPpM-B7M1lJ",
          "checksum": "c9f5498090e2c5fe95ca791de565de67"
        },
        {
          "type": "icon",
          "assetId": "1yz4nrcZZVJQ",
          "checksum": "e9a7db40d784d1abc28c2df15139614d"
        },
        {
          "type": "icon",
          "assetId": "YAEd8oE8Xk0Q",
          "checksum": "e8d401b51ff664459093aaf58709bfa6"
        },
        {
          "type": "icon",
          "assetId": "QT5tozis-7ZJ",
          "checksum": "b3a7a1876f859ee46483114be50a6d93"
        },
        {
          "type": "icon",
          "assetId": "4u827eTIHJiM",
          "checksum": "4387eecd21d86d6a3982a77926a7a5ae"
        },
        {
          "type": "icon",
          "assetId": "MRdlkEBhDPlJ",
          "checksum": "6297dcb6c54f4a354945f4519ecd7dc0"
        },
        {
          "type": "icon",
          "assetId": "69zPnb8kkdBe",
          "checksum": "d6dbda62ca31afca39cdf071c184bb30"
        },
        {
          "type": "icon",
          "assetId": "CXP7GcEs2WIt",
          "checksum": "8f477c5b2a444b22b423bd4b2769fff4"
        },
        {
          "type": "icon",
          "assetId": "_YvBX6QjT3en",
          "checksum": "caebe68bb71db63fca8098eeeb5e377c"
        },
        {
          "type": "icon",
          "assetId": "qQ7NvuNc52xX",
          "checksum": "8c19703ca9d189fd3ecbd928982f2c9b"
        },
        {
          "type": "icon",
          "assetId": "noS7WwFUEgg-",
          "checksum": "4683cf27f5058898fb94c7fb629f26b5"
        },
        {
          "type": "icon",
          "assetId": "je95h6YoQ2jE",
          "checksum": "bb57df1b86b03d6d4e415d4d22136c72"
        },
        {
          "type": "icon",
          "assetId": "ImRzoqJkNumw",
          "checksum": "d9657e2b00a2f7242462fe1c081e6c60"
        },
        {
          "type": "icon",
          "assetId": "20TZRi7Go_b5",
          "checksum": "0c491144c26ca2a41aceb9dd3d3c307e"
        },
        {
          "type": "icon",
          "assetId": "22Wovx3Cyb_t",
          "checksum": "6a16c19f182d1e73a778f15ad15a5390"
        },
        {
          "type": "icon",
          "assetId": "J5lvhXcueeto",
          "checksum": "8504109a736871afae841cdb2557f4e8"
        },
        {
          "type": "icon",
          "assetId": "xPEF8FYe4Flo",
          "checksum": "bf2c3b3d62add181fdb87f8fd7c65707"
        },
        {
          "type": "icon",
          "assetId": "6mBt3D9w7c35",
          "checksum": "421f9668f8d152002367998dcfe1d779"
        },
        {
          "type": "icon",
          "assetId": "KdsPLv8Jc_Gc",
          "checksum": "87ed8c6c3ab6a5015a7ef2254b14c7e8"
        },
        {
          "type": "icon",
          "assetId": "nDTSrVR20Z0F",
          "checksum": "656eda9660a010ea6807a059305bba9d"
        },
        {
          "type": "icon",
          "assetId": "RuEL3BXfKja4",
          "checksum": "a3d6f241f6cdd12b29a88d69852ed396"
        },
        {
          "type": "icon",
          "assetId": "UZfkN-2mqbQ1",
          "checksum": "827df17ea784d695466a49918e2ab1d2"
        },
        {
          "type": "icon",
          "assetId": "0VHaM6HaOJQH",
          "checksum": "343ab0a55a4fef5c2f54ecdc5928ed10"
        },
        {
          "type": "icon",
          "assetId": "EDrRfJFrGIzr",
          "checksum": "eecf03ab6f3054a6f524e8aa38c8412e"
        },
        {
          "type": "icon",
          "assetId": "rZP3MS1dOHIL",
          "checksum": "304a245ed7a775f47bd0cb57072abafc"
        },
        {
          "type": "icon",
          "assetId": "Md8YZbpyTssd",
          "checksum": "cd6de08db836c8b3db80d6234e8b36a4"
        },
        {
          "type": "icon",
          "assetId": "c9TD4NnDdoCa",
          "checksum": "a07034e23d2e3419f97472f7dcade81c"
        },
        {
          "type": "icon",
          "assetId": "9Oxczg72Yias",
          "checksum": "0350a56fd77f5c12fe0a845bec6aafd6"
        },
        {
          "type": "icon",
          "assetId": "85_PHFbzbYbc",
          "checksum": "27aa2fe879a836755222f22efab9d3ee"
        },
        {
          "type": "icon",
          "assetId": "uW8IxWz2drGt",
          "checksum": "d38996e2976cd21070c99a83c1f99717"
        },
        {
          "type": "icon",
          "assetId": "jg2ejGQewG0B",
          "checksum": "01329edd0121b63bde5ad60d21fc758a"
        },
        {
          "type": "image",
          "assetId": "UQCKP0TlD6KQ",
          "checksum": "f4d79c39ec60226053c3b1a43a3d852e"
        },
        {
          "type": "image",
          "assetId": "Lm31rtt1SaW7",
          "checksum": "7ac58993628487227d1f9f84f0d62866"
        },
        {
          "type": "image",
          "assetId": "rVIrcvgrdNFy",
          "checksum": "4b6c9c66c5c8a38703d17099dce5376f"
        },
        {
          "type": "image",
          "assetId": "CoNviB-PQlPG",
          "checksum": "060c1636cb573c26c3278d63958be6da"
        },
        {
          "type": "image",
          "assetId": "EiAD6WbEoBr4",
          "checksum": "c23b568c0656027f3bef5eecc15b8ec0"
        },
        {
          "type": "image",
          "assetId": "0ox6twNnWwHv",
          "checksum": "74cb37bb5c0a1298c6e8b478bba66477"
        },
        {
          "type": "image",
          "assetId": "jRKZmv5LgFVD",
          "checksum": "d3e6c513cd8ca7b8f73144e745f91ab0"
        },
        {
          "type": "image",
          "assetId": "AiU9QH3vr5_i",
          "checksum": "421afb9856fb99048b86e71dc0dffe85"
        },
        {
          "type": "image",
          "assetId": "IqBWs1oE1Jv5",
          "checksum": "2077eea216b4575bbc98226439ec00af"
        },
        {
          "type": "image",
          "assetId": "qIsxiL9Ab6zc",
          "checksum": "e49b3b9e500307be1765db2973e79d37"
        },
        {
          "type": "image",
          "assetId": "hzB05PBU4S3w",
          "checksum": "04ec9b3aa2806e1bbdb5e2c7545f5c86"
        },
        {
          "type": "image",
          "assetId": "AXJLEPNQymK9",
          "checksum": "0a44ab6c754aac5085e5bdc48f95577b"
        },
        {
          "type": "image",
          "assetId": "ra7U3-Ke0Vqq",
          "checksum": "8cd0b1a163565d87df2710d25e8dc9b4"
        },
        {
          "type": "image",
          "assetId": "0GdY2vOqis4i",
          "checksum": "b58ab36856ad27c9d2da8818f6e9a575"
        },
        {
          "type": "image",
          "assetId": "in__JvvuqHGd",
          "checksum": "84e5f82f646d9ade4709ab1c6ab813fb"
        },
        {
          "type": "image",
          "assetId": "8M1hndipG_nH",
          "checksum": "3b1eeea594ca50b71ec383e654913cf0"
        },
        {
          "type": "image",
          "assetId": "U513EInf3Wuo",
          "checksum": "712e3504d6f9c0c08ea804b8e1f963b3"
        },
        {
          "type": "image",
          "assetId": "tanXzLCasy9i",
          "checksum": "47daa1212997f5b4836d797c768ca5e3"
        },
        {
          "type": "image",
          "assetId": "UPUGJsLNqvB8",
          "checksum": "03e7677c72d45dca795a5daa8325dba2"
        },
        {
          "type": "image",
          "assetId": "6chDb2kDyTq-",
          "checksum": "3363425727d6b7c53d8da8fd58a872b6"
        },
        {
          "type": "image",
          "assetId": "WKYmP8QXjean",
          "checksum": "c2a848decb3b87c0cba0fe379c661194"
        },
        {
          "type": "image",
          "assetId": "xNLBHb0_PPDB",
          "checksum": "7e28ac3ea00db8943371ebf363d14070"
        },
        {
          "type": "image",
          "assetId": "qae1qxJ9v6f6",
          "checksum": "fd842fa07d5e7af54d7cf75b25f32e00"
        },
        {
          "type": "image",
          "assetId": "EV9Al-TucVwt",
          "checksum": "b7f16796e36998a6e504f5885675f431"
        },
        {
          "type": "image",
          "assetId": "Df28IEz6McPI",
          "checksum": "206cb9799917bd118ece0fe5b3acdf52"
        },
        {
          "type": "image",
          "assetId": "S-zEJty4bxyt",
          "checksum": "a17f6af849200930b39debf6a12f7048"
        },
        {
          "type": "image",
          "assetId": "8dsxqi-ugwgM",
          "checksum": "4c18f68e197490dbca898c53a0f95429"
        },
        {
          "type": "image",
          "assetId": "cLa7p3FVfFPD",
          "checksum": "54c98f1210ff680b90c2679119a120d8"
        },
        {
          "type": "image",
          "assetId": "-i4CJAPV8m07",
          "checksum": "fc5c109e39cac20a009af74a96455e24"
        },
        {
          "type": "image",
          "assetId": "bmaSgHFbT-qT",
          "checksum": "b625b11f699bd1039ea2cbbf3441e11e"
        },
        {
          "type": "image",
          "assetId": "MjJALsDQy0pX",
          "checksum": "7c298cea078ffbb717028560b021d525"
        },
        {
          "type": "image",
          "assetId": "waMRmIIqmlW0",
          "checksum": "f5a7dc62e5fcff3106579e71440dbe0e"
        },
        {
          "type": "image",
          "assetId": "5V5ck67hfEh7",
          "checksum": "ba2ae06dbc3f30bbaf6a3d6eaa398245"
        },
        {
          "type": "image",
          "assetId": "ltqZhF0XNa7P",
          "checksum": "e2323058eae520a23f9ae5250b849db9"
        },
        {
          "type": "image",
          "assetId": "ugAB4IjmSmu1",
          "checksum": "7967649bc914d9c24d08b76663466c63"
        },
        {
          "type": "image",
          "assetId": "a70S1c-0m_ZT",
          "checksum": "af4d763a8154781b506289b99790812c"
        },
        {
          "type": "image",
          "assetId": "Vn_LQMkC8n_G",
          "checksum": "16eaa3e4571f4603b9fc74cbbae6f978"
        },
        {
          "type": "image",
          "assetId": "zJIGvH2TPtnv",
          "checksum": "81db165e33958925b50b9be014f00320"
        },
        {
          "type": "image",
          "assetId": "eT4sL-s5bMM_",
          "checksum": "5b32e7e300a44511ab04d3acb3a815c3"
        },
        {
          "type": "image",
          "assetId": "9P06V5PblpYX",
          "checksum": "46fc4e1b194d26b96cbddbbb7d1ca0b1"
        },
        {
          "type": "image",
          "assetId": "oZr_D3iw-Frs",
          "checksum": "d438c45bf11e744d36d59d9dbdc41d50"
        },
        {
          "type": "image",
          "assetId": "VoqQ12yKs8T4",
          "checksum": "f8c8751f56dbdde3a77d268b54c33fe2"
        },
        {
          "type": "image",
          "assetId": "rprtOPmqOk-X",
          "checksum": "ae77da526ee932386be0b5494ab4b3ee"
        },
        {
          "type": "image",
          "assetId": "0pHxgBbnTHSE",
          "checksum": "4b86ea0763f75ebe341fa2d157ffdb20"
        },
        {
          "type": "image",
          "assetId": "J5fviwe0Z46-",
          "checksum": "cb63ed0a3d1fcddb34b7b93b85dca9a2"
        },
        {
          "type": "image",
          "assetId": "dzBD0LvlA3Jh",
          "checksum": "fa5cce86207493524d91cf4b9d9bc389"
        },
        {
          "type": "image",
          "assetId": "Vs0KVr3FYWbw",
          "checksum": "2cf47e3cd0c3cd63bc6d28f799c18a16"
        }
      ],
      "codegenVersion": "0.0.1"
    }
  ],
  "cliVersion": "0.1.334"
}
